// !$*UTF8*$!
{
	archiveVersion = 1;
	classes = {
	};
	objectVersion = 46;
	objects = {

/* Begin PBXBuildFile section */
		4DF280F71F52CC3100289B95 /* AppDelegate.swift in Sources */ = {isa = PBXBuildFile; fileRef = 4DF280F61F52CC3100289B95 /* AppDelegate.swift */; };
		4DF280F91F52CC3100289B95 /* ViewController.swift in Sources */ = {isa = PBXBuildFile; fileRef = 4DF280F81F52CC3100289B95 /* ViewController.swift */; };
		4DF280FC1F52CC3100289B95 /* Main.storyboard in Resources */ = {isa = PBXBuildFile; fileRef = 4DF280FA1F52CC3100289B95 /* Main.storyboard */; };
		4DF280FF1F52CC3100289B95 /* GoBird.xcdatamodeld in Sources */ = {isa = PBXBuildFile; fileRef = 4DF280FD1F52CC3100289B95 /* GoBird.xcdatamodeld */; };
		4DF281011F52CC3100289B95 /* Assets.xcassets in Resources */ = {isa = PBXBuildFile; fileRef = 4DF281001F52CC3100289B95 /* Assets.xcassets */; };
		4DF281041F52CC3100289B95 /* LaunchScreen.storyboard in Resources */ = {isa = PBXBuildFile; fileRef = 4DF281021F52CC3100289B95 /* LaunchScreen.storyboard */; };
		4DF2810F1F52CC3100289B95 /* GoBirdTests.swift in Sources */ = {isa = PBXBuildFile; fileRef = 4DF2810E1F52CC3100289B95 /* GoBirdTests.swift */; };
		4DF2811A1F52CC3100289B95 /* GoBirdUITests.swift in Sources */ = {isa = PBXBuildFile; fileRef = 4DF281191F52CC3100289B95 /* GoBirdUITests.swift */; };
		4DF2813D1F52CC4E00289B95 /* Icon-App-20x20@2x.png in Resources */ = {isa = PBXBuildFile; fileRef = 4DF281291F52CC4E00289B95 /* Icon-App-20x20@2x.png */; };
		4DF2813E1F52CC4E00289B95 /* Icon-App-20x20@3x.png in Resources */ = {isa = PBXBuildFile; fileRef = 4DF2812A1F52CC4E00289B95 /* Icon-App-20x20@3x.png */; };
		4DF2813F1F52CC4E00289B95 /* Icon-App-29x29@2x.png in Resources */ = {isa = PBXBuildFile; fileRef = 4DF2812B1F52CC4E00289B95 /* Icon-App-29x29@2x.png */; };
		4DF281401F52CC4E00289B95 /* Icon-App-29x29@3x.png in Resources */ = {isa = PBXBuildFile; fileRef = 4DF2812C1F52CC4E00289B95 /* Icon-App-29x29@3x.png */; };
		4DF281411F52CC4E00289B95 /* Icon-App-40x40@2x.png in Resources */ = {isa = PBXBuildFile; fileRef = 4DF2812D1F52CC4E00289B95 /* Icon-App-40x40@2x.png */; };
		4DF281421F52CC4E00289B95 /* Icon-App-40x40@3x.png in Resources */ = {isa = PBXBuildFile; fileRef = 4DF2812E1F52CC4E00289B95 /* Icon-App-40x40@3x.png */; };
		4DF281431F52CC4E00289B95 /* Icon-App-60x60@2x.png in Resources */ = {isa = PBXBuildFile; fileRef = 4DF2812F1F52CC4E00289B95 /* Icon-App-60x60@2x.png */; };
		4DF281441F52CC4E00289B95 /* Icon-App-60x60@3x.png in Resources */ = {isa = PBXBuildFile; fileRef = 4DF281301F52CC4E00289B95 /* Icon-App-60x60@3x.png */; };
		4DF281451F52CC4E00289B95 /* background.png in Resources */ = {isa = PBXBuildFile; fileRef = 4DF281321F52CC4E00289B95 /* background.png */; };
		4DF281461F52CC4E00289B95 /* bird_confusion.png in Resources */ = {isa = PBXBuildFile; fileRef = 4DF281331F52CC4E00289B95 /* bird_confusion.png */; };
		4DF281471F52CC4E00289B95 /* bird_normal.png in Resources */ = {isa = PBXBuildFile; fileRef = 4DF281341F52CC4E00289B95 /* bird_normal.png */; };
		4DF281481F52CC4E00289B95 /* icon.png in Resources */ = {isa = PBXBuildFile; fileRef = 4DF281351F52CC4E00289B95 /* icon.png */; };
		4DF281491F52CC4E00289B95 /* launch.png in Resources */ = {isa = PBXBuildFile; fileRef = 4DF281361F52CC4E00289B95 /* launch.png */; };
		4DF2814A1F52CC4E00289B95 /* pipe.png in Resources */ = {isa = PBXBuildFile; fileRef = 4DF281371F52CC4E00289B95 /* pipe.png */; };
		4DF2814B1F52CC4E00289B95 /* fate1.mp3 in Resources */ = {isa = PBXBuildFile; fileRef = 4DF281391F52CC4E00289B95 /* fate1.mp3 */; };
		4DF2814C1F52CC4E00289B95 /* fate2.mp3 in Resources */ = {isa = PBXBuildFile; fileRef = 4DF2813A1F52CC4E00289B95 /* fate2.mp3 */; };
		4DF2814D1F52CC4E00289B95 /* fly.mp3 in Resources */ = {isa = PBXBuildFile; fileRef = 4DF2813B1F52CC4E00289B95 /* fly.mp3 */; };
		4DF2814E1F52CC4E00289B95 /* hit.mp3 in Resources */ = {isa = PBXBuildFile; fileRef = 4DF2813C1F52CC4E00289B95 /* hit.mp3 */; };
		4DF281501F52E1F100289B95 /* Audio.swift in Sources */ = {isa = PBXBuildFile; fileRef = 4DF2814F1F52E1F100289B95 /* Audio.swift */; };
/* End PBXBuildFile section */

/* Begin PBXContainerItemProxy section */
		4DF2810B1F52CC3100289B95 /* PBXContainerItemProxy */ = {
			isa = PBXContainerItemProxy;
			containerPortal = 4DF280EB1F52CC3100289B95 /* Project object */;
			proxyType = 1;
			remoteGlobalIDString = 4DF280F21F52CC3100289B95;
			remoteInfo = GoBird;
		};
		4DF281161F52CC3100289B95 /* PBXContainerItemProxy */ = {
			isa = PBXContainerItemProxy;
			containerPortal = 4DF280EB1F52CC3100289B95 /* Project object */;
			proxyType = 1;
			remoteGlobalIDString = 4DF280F21F52CC3100289B95;
			remoteInfo = GoBird;
		};
/* End PBXContainerItemProxy section */

/* Begin PBXFileReference section */
		4DF280F31F52CC3100289B95 /* GoBird.app */ = {isa = PBXFileReference; explicitFileType = wrapper.application; includeInIndex = 0; path = GoBird.app; sourceTree = BUILT_PRODUCTS_DIR; };
		4DF280F61F52CC3100289B95 /* AppDelegate.swift */ = {isa = PBXFileReference; lastKnownFileType = sourcecode.swift; path = AppDelegate.swift; sourceTree = "<group>"; };
		4DF280F81F52CC3100289B95 /* ViewController.swift */ = {isa = PBXFileReference; lastKnownFileType = sourcecode.swift; path = ViewController.swift; sourceTree = "<group>"; };
		4DF280FB1F52CC3100289B95 /* Base */ = {isa = PBXFileReference; lastKnownFileType = file.storyboard; name = Base; path = Base.lproj/Main.storyboard; sourceTree = "<group>"; };
		4DF280FE1F52CC3100289B95 /* GoBird.xcdatamodel */ = {isa = PBXFileReference; lastKnownFileType = wrapper.xcdatamodel; path = GoBird.xcdatamodel; sourceTree = "<group>"; };
		4DF281001F52CC3100289B95 /* Assets.xcassets */ = {isa = PBXFileReference; lastKnownFileType = folder.assetcatalog; path = Assets.xcassets; sourceTree = "<group>"; };
		4DF281031F52CC3100289B95 /* Base */ = {isa = PBXFileReference; lastKnownFileType = file.storyboard; name = Base; path = Base.lproj/LaunchScreen.storyboard; sourceTree = "<group>"; };
		4DF281051F52CC3100289B95 /* Info.plist */ = {isa = PBXFileReference; lastKnownFileType = text.plist.xml; path = Info.plist; sourceTree = "<group>"; };
		4DF2810A1F52CC3100289B95 /* GoBirdTests.xctest */ = {isa = PBXFileReference; explicitFileType = wrapper.cfbundle; includeInIndex = 0; path = GoBirdTests.xctest; sourceTree = BUILT_PRODUCTS_DIR; };
		4DF2810E1F52CC3100289B95 /* GoBirdTests.swift */ = {isa = PBXFileReference; lastKnownFileType = sourcecode.swift; path = GoBirdTests.swift; sourceTree = "<group>"; };
		4DF281101F52CC3100289B95 /* Info.plist */ = {isa = PBXFileReference; lastKnownFileType = text.plist.xml; path = Info.plist; sourceTree = "<group>"; };
		4DF281151F52CC3100289B95 /* GoBirdUITests.xctest */ = {isa = PBXFileReference; explicitFileType = wrapper.cfbundle; includeInIndex = 0; path = GoBirdUITests.xctest; sourceTree = BUILT_PRODUCTS_DIR; };
		4DF281191F52CC3100289B95 /* GoBirdUITests.swift */ = {isa = PBXFileReference; lastKnownFileType = sourcecode.swift; path = GoBirdUITests.swift; sourceTree = "<group>"; };
		4DF2811B1F52CC3100289B95 /* Info.plist */ = {isa = PBXFileReference; lastKnownFileType = text.plist.xml; path = Info.plist; sourceTree = "<group>"; };
		4DF281291F52CC4E00289B95 /* Icon-App-20x20@2x.png */ = {isa = PBXFileReference; lastKnownFileType = image.png; path = "Icon-App-20x20@2x.png"; sourceTree = "<group>"; };
		4DF2812A1F52CC4E00289B95 /* Icon-App-20x20@3x.png */ = {isa = PBXFileReference; lastKnownFileType = image.png; path = "Icon-App-20x20@3x.png"; sourceTree = "<group>"; };
		4DF2812B1F52CC4E00289B95 /* Icon-App-29x29@2x.png */ = {isa = PBXFileReference; lastKnownFileType = image.png; path = "Icon-App-29x29@2x.png"; sourceTree = "<group>"; };
		4DF2812C1F52CC4E00289B95 /* Icon-App-29x29@3x.png */ = {isa = PBXFileReference; lastKnownFileType = image.png; path = "Icon-App-29x29@3x.png"; sourceTree = "<group>"; };
		4DF2812D1F52CC4E00289B95 /* Icon-App-40x40@2x.png */ = {isa = PBXFileReference; lastKnownFileType = image.png; path = "Icon-App-40x40@2x.png"; sourceTree = "<group>"; };
		4DF2812E1F52CC4E00289B95 /* Icon-App-40x40@3x.png */ = {isa = PBXFileReference; lastKnownFileType = image.png; path = "Icon-App-40x40@3x.png"; sourceTree = "<group>"; };
		4DF2812F1F52CC4E00289B95 /* Icon-App-60x60@2x.png */ = {isa = PBXFileReference; lastKnownFileType = image.png; path = "Icon-App-60x60@2x.png"; sourceTree = "<group>"; };
		4DF281301F52CC4E00289B95 /* Icon-App-60x60@3x.png */ = {isa = PBXFileReference; lastKnownFileType = image.png; path = "Icon-App-60x60@3x.png"; sourceTree = "<group>"; };
		4DF281321F52CC4E00289B95 /* background.png */ = {isa = PBXFileReference; lastKnownFileType = image.png; path = background.png; sourceTree = "<group>"; };
		4DF281331F52CC4E00289B95 /* bird_confusion.png */ = {isa = PBXFileReference; lastKnownFileType = image.png; path = bird_confusion.png; sourceTree = "<group>"; };
		4DF281341F52CC4E00289B95 /* bird_normal.png */ = {isa = PBXFileReference; lastKnownFileType = image.png; path = bird_normal.png; sourceTree = "<group>"; };
		4DF281351F52CC4E00289B95 /* icon.png */ = {isa = PBXFileReference; lastKnownFileType = image.png; path = icon.png; sourceTree = "<group>"; };
		4DF281361F52CC4E00289B95 /* launch.png */ = {isa = PBXFileReference; lastKnownFileType = image.png; path = launch.png; sourceTree = "<group>"; };
		4DF281371F52CC4E00289B95 /* pipe.png */ = {isa = PBXFileReference; lastKnownFileType = image.png; path = pipe.png; sourceTree = "<group>"; };
		4DF281391F52CC4E00289B95 /* fate1.mp3 */ = {isa = PBXFileReference; lastKnownFileType = audio.mp3; path = fate1.mp3; sourceTree = "<group>"; };
		4DF2813A1F52CC4E00289B95 /* fate2.mp3 */ = {isa = PBXFileReference; lastKnownFileType = audio.mp3; path = fate2.mp3; sourceTree = "<group>"; };
		4DF2813B1F52CC4E00289B95 /* fly.mp3 */ = {isa = PBXFileReference; lastKnownFileType = audio.mp3; path = fly.mp3; sourceTree = "<group>"; };
		4DF2813C1F52CC4E00289B95 /* hit.mp3 */ = {isa = PBXFileReference; lastKnownFileType = audio.mp3; path = hit.mp3; sourceTree = "<group>"; };
		4DF2814F1F52E1F100289B95 /* Audio.swift */ = {isa = PBXFileReference; fileEncoding = 4; lastKnownFileType = sourcecode.swift; path = Audio.swift; sourceTree = "<group>"; };
/* End PBXFileReference section */

/* Begin PBXFrameworksBuildPhase section */
		4DF280F01F52CC3100289B95 /* Frameworks */ = {
			isa = PBXFrameworksBuildPhase;
			buildActionMask = 2147483647;
			files = (
			);
			runOnlyForDeploymentPostprocessing = 0;
		};
		4DF281071F52CC3100289B95 /* Frameworks */ = {
			isa = PBXFrameworksBuildPhase;
			buildActionMask = 2147483647;
			files = (
			);
			runOnlyForDeploymentPostprocessing = 0;
		};
		4DF281121F52CC3100289B95 /* Frameworks */ = {
			isa = PBXFrameworksBuildPhase;
			buildActionMask = 2147483647;
			files = (
			);
			runOnlyForDeploymentPostprocessing = 0;
		};
/* End PBXFrameworksBuildPhase section */

/* Begin PBXGroup section */
		4DF280EA1F52CC3100289B95 = {
			isa = PBXGroup;
			children = (
				4DF281271F52CC4E00289B95 /* MaterialsofGoBird */,
				4DF280F51F52CC3100289B95 /* GoBird */,
				4DF2810D1F52CC3100289B95 /* GoBirdTests */,
				4DF281181F52CC3100289B95 /* GoBirdUITests */,
				4DF280F41F52CC3100289B95 /* Products */,
			);
			sourceTree = "<group>";
		};
		4DF280F41F52CC3100289B95 /* Products */ = {
			isa = PBXGroup;
			children = (
				4DF280F31F52CC3100289B95 /* GoBird.app */,
				4DF2810A1F52CC3100289B95 /* GoBirdTests.xctest */,
				4DF281151F52CC3100289B95 /* GoBirdUITests.xctest */,
			);
			name = Products;
			sourceTree = "<group>";
		};
		4DF280F51F52CC3100289B95 /* GoBird */ = {
			isa = PBXGroup;
			children = (
				4DF280F61F52CC3100289B95 /* AppDelegate.swift */,
				4DF280F81F52CC3100289B95 /* ViewController.swift */,
				4DF2814F1F52E1F100289B95 /* Audio.swift */,
				4DF280FA1F52CC3100289B95 /* Main.storyboard */,
				4DF281001F52CC3100289B95 /* Assets.xcassets */,
				4DF281021F52CC3100289B95 /* LaunchScreen.storyboard */,
				4DF281051F52CC3100289B95 /* Info.plist */,
				4DF280FD1F52CC3100289B95 /* GoBird.xcdatamodeld */,
			);
			path = GoBird;
			sourceTree = "<group>";
		};
		4DF2810D1F52CC3100289B95 /* GoBirdTests */ = {
			isa = PBXGroup;
			children = (
				4DF2810E1F52CC3100289B95 /* GoBirdTests.swift */,
				4DF281101F52CC3100289B95 /* Info.plist */,
			);
			path = GoBirdTests;
			sourceTree = "<group>";
		};
		4DF281181F52CC3100289B95 /* GoBirdUITests */ = {
			isa = PBXGroup;
			children = (
				4DF281191F52CC3100289B95 /* GoBirdUITests.swift */,
				4DF2811B1F52CC3100289B95 /* Info.plist */,
			);
			path = GoBirdUITests;
			sourceTree = "<group>";
		};
		4DF281271F52CC4E00289B95 /* MaterialsofGoBird */ = {
			isa = PBXGroup;
			children = (
				4DF281281F52CC4E00289B95 /* iconset */,
				4DF281311F52CC4E00289B95 /* images */,
				4DF281381F52CC4E00289B95 /* sounds */,
			);
			path = MaterialsofGoBird;
			sourceTree = "<group>";
		};
		4DF281281F52CC4E00289B95 /* iconset */ = {
			isa = PBXGroup;
			children = (
				4DF281291F52CC4E00289B95 /* Icon-App-20x20@2x.png */,
				4DF2812A1F52CC4E00289B95 /* Icon-App-20x20@3x.png */,
				4DF2812B1F52CC4E00289B95 /* Icon-App-29x29@2x.png */,
				4DF2812C1F52CC4E00289B95 /* Icon-App-29x29@3x.png */,
				4DF2812D1F52CC4E00289B95 /* Icon-App-40x40@2x.png */,
				4DF2812E1F52CC4E00289B95 /* Icon-App-40x40@3x.png */,
				4DF2812F1F52CC4E00289B95 /* Icon-App-60x60@2x.png */,
				4DF281301F52CC4E00289B95 /* Icon-App-60x60@3x.png */,
			);
			path = iconset;
			sourceTree = "<group>";
		};
		4DF281311F52CC4E00289B95 /* images */ = {
			isa = PBXGroup;
			children = (
				4DF281321F52CC4E00289B95 /* background.png */,
				4DF281331F52CC4E00289B95 /* bird_confusion.png */,
				4DF281341F52CC4E00289B95 /* bird_normal.png */,
				4DF281351F52CC4E00289B95 /* icon.png */,
				4DF281361F52CC4E00289B95 /* launch.png */,
				4DF281371F52CC4E00289B95 /* pipe.png */,
			);
			path = images;
			sourceTree = "<group>";
		};
		4DF281381F52CC4E00289B95 /* sounds */ = {
			isa = PBXGroup;
			children = (
				4DF281391F52CC4E00289B95 /* fate1.mp3 */,
				4DF2813A1F52CC4E00289B95 /* fate2.mp3 */,
				4DF2813B1F52CC4E00289B95 /* fly.mp3 */,
				4DF2813C1F52CC4E00289B95 /* hit.mp3 */,
			);
			path = sounds;
			sourceTree = "<group>";
		};
/* End PBXGroup section */

/* Begin PBXNativeTarget section */
		4DF280F21F52CC3100289B95 /* GoBird */ = {
			isa = PBXNativeTarget;
			buildConfigurationList = 4DF2811E1F52CC3100289B95 /* Build configuration list for PBXNativeTarget "GoBird" */;
			buildPhases = (
				4DF280EF1F52CC3100289B95 /* Sources */,
				4DF280F01F52CC3100289B95 /* Frameworks */,
				4DF280F11F52CC3100289B95 /* Resources */,
			);
			buildRules = (
			);
			dependencies = (
			);
			name = GoBird;
			productName = GoBird;
			productReference = 4DF280F31F52CC3100289B95 /* GoBird.app */;
			productType = "com.apple.product-type.application";
		};
		4DF281091F52CC3100289B95 /* GoBirdTests */ = {
			isa = PBXNativeTarget;
			buildConfigurationList = 4DF281211F52CC3100289B95 /* Build configuration list for PBXNativeTarget "GoBirdTests" */;
			buildPhases = (
				4DF281061F52CC3100289B95 /* Sources */,
				4DF281071F52CC3100289B95 /* Frameworks */,
				4DF281081F52CC3100289B95 /* Resources */,
			);
			buildRules = (
			);
			dependencies = (
				4DF2810C1F52CC3100289B95 /* PBXTargetDependency */,
			);
			name = GoBirdTests;
			productName = GoBirdTests;
			productReference = 4DF2810A1F52CC3100289B95 /* GoBirdTests.xctest */;
			productType = "com.apple.product-type.bundle.unit-test";
		};
		4DF281141F52CC3100289B95 /* GoBirdUITests */ = {
			isa = PBXNativeTarget;
			buildConfigurationList = 4DF281241F52CC3100289B95 /* Build configuration list for PBXNativeTarget "GoBirdUITests" */;
			buildPhases = (
				4DF281111F52CC3100289B95 /* Sources */,
				4DF281121F52CC3100289B95 /* Frameworks */,
				4DF281131F52CC3100289B95 /* Resources */,
			);
			buildRules = (
			);
			dependencies = (
				4DF281171F52CC3100289B95 /* PBXTargetDependency */,
			);
			name = GoBirdUITests;
			productName = GoBirdUITests;
			productReference = 4DF281151F52CC3100289B95 /* GoBirdUITests.xctest */;
			productType = "com.apple.product-type.bundle.ui-testing";
		};
/* End PBXNativeTarget section */

/* Begin PBXProject section */
		4DF280EB1F52CC3100289B95 /* Project object */ = {
			isa = PBXProject;
			attributes = {
				LastSwiftUpdateCheck = 0830;
				LastUpgradeCheck = 0830;
				ORGANIZATIONNAME = CATK;
				TargetAttributes = {
					4DF280F21F52CC3100289B95 = {
						CreatedOnToolsVersion = 8.3.3;
						ProvisioningStyle = Automatic;
					};
					4DF281091F52CC3100289B95 = {
						CreatedOnToolsVersion = 8.3.3;
						ProvisioningStyle = Automatic;
						TestTargetID = 4DF280F21F52CC3100289B95;
					};
					4DF281141F52CC3100289B95 = {
						CreatedOnToolsVersion = 8.3.3;
						ProvisioningStyle = Automatic;
						TestTargetID = 4DF280F21F52CC3100289B95;
					};
				};
			};
			buildConfigurationList = 4DF280EE1F52CC3100289B95 /* Build configuration list for PBXProject "GoBird" */;
			compatibilityVersion = "Xcode 3.2";
			developmentRegion = English;
			hasScannedForEncodings = 0;
			knownRegions = (
				en,
				Base,
			);
			mainGroup = 4DF280EA1F52CC3100289B95;
			productRefGroup = 4DF280F41F52CC3100289B95 /* Products */;
			projectDirPath = "";
			projectRoot = "";
			targets = (
				4DF280F21F52CC3100289B95 /* GoBird */,
				4DF281091F52CC3100289B95 /* GoBirdTests */,
				4DF281141F52CC3100289B95 /* GoBirdUITests */,
			);
		};
/* End PBXProject section */

/* Begin PBXResourcesBuildPhase section */
		4DF280F11F52CC3100289B95 /* Resources */ = {
			isa = PBXResourcesBuildPhase;
			buildActionMask = 2147483647;
			files = (
				4DF2814E1F52CC4E00289B95 /* hit.mp3 in Resources */,
				4DF281041F52CC3100289B95 /* LaunchScreen.storyboard in Resources */,
				4DF2814C1F52CC4E00289B95 /* fate2.mp3 in Resources */,
				4DF281451F52CC4E00289B95 /* background.png in Resources */,
				4DF281011F52CC3100289B95 /* Assets.xcassets in Resources */,
				4DF281401F52CC4E00289B95 /* Icon-App-29x29@3x.png in Resources */,
				4DF2813F1F52CC4E00289B95 /* Icon-App-29x29@2x.png in Resources */,
				4DF281461F52CC4E00289B95 /* bird_confusion.png in Resources */,
				4DF2813D1F52CC4E00289B95 /* Icon-App-20x20@2x.png in Resources */,
				4DF281441F52CC4E00289B95 /* Icon-App-60x60@3x.png in Resources */,
				4DF281491F52CC4E00289B95 /* launch.png in Resources */,
				4DF2814A1F52CC4E00289B95 /* pipe.png in Resources */,
				4DF2813E1F52CC4E00289B95 /* Icon-App-20x20@3x.png in Resources */,
				4DF281431F52CC4E00289B95 /* Icon-App-60x60@2x.png in Resources */,
				4DF2814B1F52CC4E00289B95 /* fate1.mp3 in Resources */,
				4DF281421F52CC4E00289B95 /* Icon-App-40x40@3x.png in Resources */,
				4DF281481F52CC4E00289B95 /* icon.png in Resources */,
				4DF2814D1F52CC4E00289B95 /* fly.mp3 in Resources */,
				4DF281411F52CC4E00289B95 /* Icon-App-40x40@2x.png in Resources */,
				4DF280FC1F52CC3100289B95 /* Main.storyboard in Resources */,
				4DF281471F52CC4E00289B95 /* bird_normal.png in Resources */,
			);
			runOnlyForDeploymentPostprocessing = 0;
		};
		4DF281081F52CC3100289B95 /* Resources */ = {
			isa = PBXResourcesBuildPhase;
			buildActionMask = 2147483647;
			files = (
			);
			runOnlyForDeploymentPostprocessing = 0;
		};
		4DF281131F52CC3100289B95 /* Resources */ = {
			isa = PBXResourcesBuildPhase;
			buildActionMask = 2147483647;
			files = (
			);
			runOnlyForDeploymentPostprocessing = 0;
		};
/* End PBXResourcesBuildPhase section */

/* Begin PBXSourcesBuildPhase section */
		4DF280EF1F52CC3100289B95 /* Sources */ = {
			isa = PBXSourcesBuildPhase;
			buildActionMask = 2147483647;
			files = (
				4DF281501F52E1F100289B95 /* Audio.swift in Sources */,
				4DF280FF1F52CC3100289B95 /* GoBird.xcdatamodeld in Sources */,
				4DF280F91F52CC3100289B95 /* ViewController.swift in Sources */,
				4DF280F71F52CC3100289B95 /* AppDelegate.swift in Sources */,
			);
			runOnlyForDeploymentPostprocessing = 0;
		};
		4DF281061F52CC3100289B95 /* Sources */ = {
			isa = PBXSourcesBuildPhase;
			buildActionMask = 2147483647;
			files = (
				4DF2810F1F52CC3100289B95 /* GoBirdTests.swift in Sources */,
			);
			runOnlyForDeploymentPostprocessing = 0;
		};
		4DF281111F52CC3100289B95 /* Sources */ = {
			isa = PBXSourcesBuildPhase;
			buildActionMask = 2147483647;
			files = (
				4DF2811A1F52CC3100289B95 /* GoBirdUITests.swift in Sources */,
			);
			runOnlyForDeploymentPostprocessing = 0;
		};
/* End PBXSourcesBuildPhase section */

/* Begin PBXTargetDependency section */
		4DF2810C1F52CC3100289B95 /* PBXTargetDependency */ = {
			isa = PBXTargetDependency;
			target = 4DF280F21F52CC3100289B95 /* GoBird */;
			targetProxy = 4DF2810B1F52CC3100289B95 /* PBXContainerItemProxy */;
		};
		4DF281171F52CC3100289B95 /* PBXTargetDependency */ = {
			isa = PBXTargetDependency;
			target = 4DF280F21F52CC3100289B95 /* GoBird */;
			targetProxy = 4DF281161F52CC3100289B95 /* PBXContainerItemProxy */;
		};
/* End PBXTargetDependency section */

/* Begin PBXVariantGroup section */
		4DF280FA1F52CC3100289B95 /* Main.storyboard */ = {
			isa = PBXVariantGroup;
			children = (
				4DF280FB1F52CC3100289B95 /* Base */,
			);
			name = Main.storyboard;
			sourceTree = "<group>";
		};
		4DF281021F52CC3100289B95 /* LaunchScreen.storyboard */ = {
			isa = PBXVariantGroup;
			children = (
				4DF281031F52CC3100289B95 /* Base */,
			);
			name = LaunchScreen.storyboard;
			sourceTree = "<group>";
		};
/* End PBXVariantGroup section */

/* Begin XCBuildConfiguration section */
		4DF2811C1F52CC3100289B95 /* Debug */ = {
			isa = XCBuildConfiguration;
			buildSettings = {
				ALWAYS_SEARCH_USER_PATHS = NO;
				CLANG_ANALYZER_NONNULL = YES;
				CLANG_ANALYZER_NUMBER_OBJECT_CONVERSION = YES_AGGRESSIVE;
				CLANG_CXX_LANGUAGE_STANDARD = "gnu++0x";
				CLANG_CXX_LIBRARY = "libc++";
				CLANG_ENABLE_MODULES = YES;
				CLANG_ENABLE_OBJC_ARC = YES;
				CLANG_WARN_BOOL_CONVERSION = YES;
				CLANG_WARN_CONSTANT_CONVERSION = YES;
				CLANG_WARN_DIRECT_OBJC_ISA_USAGE = YES_ERROR;
				CLANG_WARN_DOCUMENTATION_COMMENTS = YES;
				CLANG_WARN_EMPTY_BODY = YES;
				CLANG_WARN_ENUM_CONVERSION = YES;
				CLANG_WARN_INFINITE_RECURSION = YES;
				CLANG_WARN_INT_CONVERSION = YES;
				CLANG_WARN_OBJC_ROOT_CLASS = YES_ERROR;
				CLANG_WARN_SUSPICIOUS_MOVE = YES;
				CLANG_WARN_UNREACHABLE_CODE = YES;
				CLANG_WARN__DUPLICATE_METHOD_MATCH = YES;
				"CODE_SIGN_IDENTITY[sdk=iphoneos*]" = "iPhone Developer";
				COPY_PHASE_STRIP = NO;
				DEBUG_INFORMATION_FORMAT = dwarf;
				ENABLE_STRICT_OBJC_MSGSEND = YES;
				ENABLE_TESTABILITY = YES;
				GCC_C_LANGUAGE_STANDARD = gnu99;
				GCC_DYNAMIC_NO_PIC = NO;
				GCC_NO_COMMON_BLOCKS = YES;
				GCC_OPTIMIZATION_LEVEL = 0;
				GCC_PREPROCESSOR_DEFINITIONS = (
					"DEBUG=1",
					"$(inherited)",
				);
				GCC_WARN_64_TO_32_BIT_CONVERSION = YES;
				GCC_WARN_ABOUT_RETURN_TYPE = YES_ERROR;
				GCC_WARN_UNDECLARED_SELECTOR = YES;
				GCC_WARN_UNINITIALIZED_AUTOS = YES_AGGRESSIVE;
				GCC_WARN_UNUSED_FUNCTION = YES;
				GCC_WARN_UNUSED_VARIABLE = YES;
				IPHONEOS_DEPLOYMENT_TARGET = 10.3;
				MTL_ENABLE_DEBUG_INFO = YES;
				ONLY_ACTIVE_ARCH = YES;
				SDKROOT = iphoneos;
				SWIFT_ACTIVE_COMPILATION_CONDITIONS = DEBUG;
				SWIFT_OPTIMIZATION_LEVEL = "-Onone";
			};
			name = Debug;
		};
		4DF2811D1F52CC3100289B95 /* Release */ = {
			isa = XCBuildConfiguration;
			buildSettings = {
				ALWAYS_SEARCH_USER_PATHS = NO;
				CLANG_ANALYZER_NONNULL = YES;
				CLANG_ANALYZER_NUMBER_OBJECT_CONVERSION = YES_AGGRESSIVE;
				CLANG_CXX_LANGUAGE_STANDARD = "gnu++0x";
				CLANG_CXX_LIBRARY = "libc++";
				CLANG_ENABLE_MODULES = YES;
				CLANG_ENABLE_OBJC_ARC = YES;
				CLANG_WARN_BOOL_CONVERSION = YES;
				CLANG_WARN_CONSTANT_CONVERSION = YES;
				CLANG_WARN_DIRECT_OBJC_ISA_USAGE = YES_ERROR;
				CLANG_WARN_DOCUMENTATION_COMMENTS = YES;
				CLANG_WARN_EMPTY_BODY = YES;
				CLANG_WARN_ENUM_CONVERSION = YES;
				CLANG_WARN_INFINITE_RECURSION = YES;
				CLANG_WARN_INT_CONVERSION = YES;
				CLANG_WARN_OBJC_ROOT_CLASS = YES_ERROR;
				CLANG_WARN_SUSPICIOUS_MOVE = YES;
				CLANG_WARN_UNREACHABLE_CODE = YES;
				CLANG_WARN__DUPLICATE_METHOD_MATCH = YES;
				"CODE_SIGN_IDENTITY[sdk=iphoneos*]" = "iPhone Developer";
				COPY_PHASE_STRIP = NO;
				DEBUG_INFORMATION_FORMAT = "dwarf-with-dsym";
				ENABLE_NS_ASSERTIONS = NO;
				ENABLE_STRICT_OBJC_MSGSEND = YES;
				GCC_C_LANGUAGE_STANDARD = gnu99;
				GCC_NO_COMMON_BLOCKS = YES;
				GCC_WARN_64_TO_32_BIT_CONVERSION = YES;
				GCC_WARN_ABOUT_RETURN_TYPE = YES_ERROR;
				GCC_WARN_UNDECLARED_SELECTOR = YES;
				GCC_WARN_UNINITIALIZED_AUTOS = YES_AGGRESSIVE;
				GCC_WARN_UNUSED_FUNCTION = YES;
				GCC_WARN_UNUSED_VARIABLE = YES;
				IPHONEOS_DEPLOYMENT_TARGET = 10.3;
				MTL_ENABLE_DEBUG_INFO = NO;
				SDKROOT = iphoneos;
				SWIFT_OPTIMIZATION_LEVEL = "-Owholemodule";
				VALIDATE_PRODUCT = YES;
			};
			name = Release;
		};
		4DF2811F1F52CC3100289B95 /* Debug */ = {
			isa = XCBuildConfiguration;
			buildSettings = {
				ASSETCATALOG_COMPILER_APPICON_NAME = AppIcon;
				INFOPLIST_FILE = GoBird/Info.plist;
				LD_RUNPATH_SEARCH_PATHS = "$(inherited) @executable_path/Frameworks";
				PRODUCT_BUNDLE_IDENTIFIER = comswift.practice.GoBird;
				PRODUCT_NAME = "$(TARGET_NAME)";
				SWIFT_VERSION = 3.0;
			};
			name = Debug;
		};
		4DF281201F52CC3100289B95 /* Release */ = {
			isa = XCBuildConfiguration;
			buildSettings = {
				ASSETCATALOG_COMPILER_APPICON_NAME = AppIcon;
				INFOPLIST_FILE = GoBird/Info.plist;
				LD_RUNPATH_SEARCH_PATHS = "$(inherited) @executable_path/Frameworks";
				PRODUCT_BUNDLE_IDENTIFIER = comswift.practice.GoBird;
				PRODUCT_NAME = "$(TARGET_NAME)";
				SWIFT_VERSION = 3.0;
			};
			name = Release;
		};
		4DF281221F52CC3100289B95 /* Debug */ = {
			isa = XCBuildConfiguration;
			buildSettings = {
				ALWAYS_EMBED_SWIFT_STANDARD_LIBRARIES = YES;
				BUNDLE_LOADER = "$(TEST_HOST)";
				INFOPLIST_FILE = GoBirdTests/Info.plist;
				LD_RUNPATH_SEARCH_PATHS = "$(inherited) @executable_path/Frameworks @loader_path/Frameworks";
				PRODUCT_BUNDLE_IDENTIFIER = comswift.practice.GoBirdTests;
				PRODUCT_NAME = "$(TARGET_NAME)";
				SWIFT_VERSION = 3.0;
				TEST_HOST = "$(BUILT_PRODUCTS_DIR)/GoBird.app/GoBird";
			};
			name = Debug;
		};
		4DF281231F52CC3100289B95 /* Release */ = {
			isa = XCBuildConfiguration;
			buildSettings = {
				ALWAYS_EMBED_SWIFT_STANDARD_LIBRARIES = YES;
				BUNDLE_LOADER = "$(TEST_HOST)";
				INFOPLIST_FILE = GoBirdTests/Info.plist;
				LD_RUNPATH_SEARCH_PATHS = "$(inherited) @executable_path/Frameworks @loader_path/Frameworks";
				PRODUCT_BUNDLE_IDENTIFIER = comswift.practice.GoBirdTests;
				PRODUCT_NAME = "$(TARGET_NAME)";
				SWIFT_VERSION = 3.0;
				TEST_HOST = "$(BUILT_PRODUCTS_DIR)/GoBird.app/GoBird";
			};
			name = Release;
		};
		4DF281251F52CC3100289B95 /* Debug */ = {
			isa = XCBuildConfiguration;
			buildSettings = {
				ALWAYS_EMBED_SWIFT_STANDARD_LIBRARIES = YES;
				INFOPLIST_FILE = GoBirdUITests/Info.plist;
				LD_RUNPATH_SEARCH_PATHS = "$(inherited) @executable_path/Frameworks @loader_path/Frameworks";
				PRODUCT_BUNDLE_IDENTIFIER = comswift.practice.GoBirdUITests;
				PRODUCT_NAME = "$(TARGET_NAME)";
				SWIFT_VERSION = 3.0;
				TEST_TARGET_NAME = GoBird;
			};
			name = Debug;
		};
		4DF281261F52CC3100289B95 /* Release */ = {
			isa = XCBuildConfiguration;
			buildSettings = {
				ALWAYS_EMBED_SWIFT_STANDARD_LIBRARIES = YES;
				INFOPLIST_FILE = GoBirdUITests/Info.plist;
				LD_RUNPATH_SEARCH_PATHS = "$(inherited) @executable_path/Frameworks @loader_path/Frameworks";
				PRODUCT_BUNDLE_IDENTIFIER = comswift.practice.GoBirdUITests;
				PRODUCT_NAME = "$(TARGET_NAME)";
				SWIFT_VERSION = 3.0;
				TEST_TARGET_NAME = GoBird;
			};
			name = Release;
		};
/* End XCBuildConfiguration section */

/* Begin XCConfigurationList section */
		4DF280EE1F52CC3100289B95 /* Build configuration list for PBXProject "GoBird" */ = {
			isa = XCConfigurationList;
			buildConfigurations = (
				4DF2811C1F52CC3100289B95 /* Debug */,
				4DF2811D1F52CC3100289B95 /* Release */,
			);
			defaultConfigurationIsVisible = 0;
			defaultConfigurationName = Release;
		};
		4DF2811E1F52CC3100289B95 /* Build configuration list for PBXNativeTarget "GoBird" */ = {
			isa = XCConfigurationList;
			buildConfigurations = (
				4DF2811F1F52CC3100289B95 /* Debug */,
				4DF281201F52CC3100289B95 /* Release */,
			);
			defaultConfigurationIsVisible = 0;
		};
		4DF281211F52CC3100289B95 /* Build configuration list for PBXNativeTarget "GoBirdTests" */ = {
			isa = XCConfigurationList;
			buildConfigurations = (
				4DF281221F52CC3100289B95 /* Debug */,
				4DF281231F52CC3100289B95 /* Release */,
			);
			defaultConfigurationIsVisible = 0;
		};
		4DF281241F52CC3100289B95 /* Build configuration list for PBXNativeTarget "GoBirdUITests" */ = {
			isa = XCConfigurationList;
			buildConfigurations = (
				4DF281251F52CC3100289B95 /* Debug */,
				4DF281261F52CC3100289B95 /* Release */,
			);
			defaultConfigurationIsVisible = 0;
		};
/* End XCConfigurationList section */

/* Begin XCVersionGroup section */
		4DF280FD1F52CC3100289B95 /* GoBird.xcdatamodeld */ = {
			isa = XCVersionGroup;
			children = (
				4DF280FE1F52CC3100289B95 /* GoBird.xcdatamodel */,
			);
			currentVersion = 4DF280FE1F52CC3100289B95 /* GoBird.xcdatamodel */;
			path = GoBird.xcdatamodeld;
			sourceTree = "<group>";
			versionGroupType = wrapper.xcdatamodel;
		};
/* End XCVersionGroup section */
	};
	rootObject = 4DF280EB1F52CC3100289B95 /* Project object */;
}
