// !$*UTF8*$!
{
	archiveVersion = 1;
	classes = {
	};
	objectVersion = 46;
	objects = {

/* Begin PBXBuildFile section */
		770582301F4C2CE60002B5B9 /* AppDelegate.swift in Sources */ = {isa = PBXBuildFile; fileRef = 7705822F1F4C2CE60002B5B9 /* AppDelegate.swift */; };
		770582321F4C2CE60002B5B9 /* ViewController.swift in Sources */ = {isa = PBXBuildFile; fileRef = 770582311F4C2CE60002B5B9 /* ViewController.swift */; };
		770582351F4C2CE60002B5B9 /* Main.storyboard in Resources */ = {isa = PBXBuildFile; fileRef = 770582331F4C2CE60002B5B9 /* Main.storyboard */; };
		770582371F4C2CE60002B5B9 /* Assets.xcassets in Resources */ = {isa = PBXBuildFile; fileRef = 770582361F4C2CE60002B5B9 /* Assets.xcassets */; };
		7705823A1F4C2CE60002B5B9 /* LaunchScreen.storyboard in Resources */ = {isa = PBXBuildFile; fileRef = 770582381F4C2CE60002B5B9 /* LaunchScreen.storyboard */; };
		770582451F4C2CE60002B5B9 /* FigureTests.swift in Sources */ = {isa = PBXBuildFile; fileRef = 770582441F4C2CE60002B5B9 /* FigureTests.swift */; };
		770582501F4C2CE60002B5B9 /* FigureUITests.swift in Sources */ = {isa = PBXBuildFile; fileRef = 7705824F1F4C2CE60002B5B9 /* FigureUITests.swift */; };
		770582601F4C388B0002B5B9 /* ViewCreator.swift in Sources */ = {isa = PBXBuildFile; fileRef = 7705825F1F4C388B0002B5B9 /* ViewCreator.swift */; };
		7705826A1F4C4D080002B5B9 /* Icon-App-20x20@2x.png in Resources */ = {isa = PBXBuildFile; fileRef = 770582621F4C4D080002B5B9 /* Icon-App-20x20@2x.png */; };
		7705826B1F4C4D080002B5B9 /* Icon-App-20x20@3x.png in Resources */ = {isa = PBXBuildFile; fileRef = 770582631F4C4D080002B5B9 /* Icon-App-20x20@3x.png */; };
		7705826C1F4C4D080002B5B9 /* Icon-App-29x29@2x.png in Resources */ = {isa = PBXBuildFile; fileRef = 770582641F4C4D080002B5B9 /* Icon-App-29x29@2x.png */; };
		7705826D1F4C4D080002B5B9 /* Icon-App-29x29@3x.png in Resources */ = {isa = PBXBuildFile; fileRef = 770582651F4C4D080002B5B9 /* Icon-App-29x29@3x.png */; };
		7705826E1F4C4D080002B5B9 /* Icon-App-40x40@2x.png in Resources */ = {isa = PBXBuildFile; fileRef = 770582661F4C4D080002B5B9 /* Icon-App-40x40@2x.png */; };
		7705826F1F4C4D080002B5B9 /* Icon-App-40x40@3x.png in Resources */ = {isa = PBXBuildFile; fileRef = 770582671F4C4D080002B5B9 /* Icon-App-40x40@3x.png */; };
		770582701F4C4D080002B5B9 /* Icon-App-60x60@2x.png in Resources */ = {isa = PBXBuildFile; fileRef = 770582681F4C4D080002B5B9 /* Icon-App-60x60@2x.png */; };
		770582711F4C4D080002B5B9 /* Icon-App-60x60@3x.png in Resources */ = {isa = PBXBuildFile; fileRef = 770582691F4C4D080002B5B9 /* Icon-App-60x60@3x.png */; };
/* End PBXBuildFile section */

/* Begin PBXContainerItemProxy section */
		770582411F4C2CE60002B5B9 /* PBXContainerItemProxy */ = {
			isa = PBXContainerItemProxy;
			containerPortal = 770582241F4C2CE60002B5B9 /* Project object */;
			proxyType = 1;
			remoteGlobalIDString = 7705822B1F4C2CE60002B5B9;
			remoteInfo = Figure;
		};
		7705824C1F4C2CE60002B5B9 /* PBXContainerItemProxy */ = {
			isa = PBXContainerItemProxy;
			containerPortal = 770582241F4C2CE60002B5B9 /* Project object */;
			proxyType = 1;
			remoteGlobalIDString = 7705822B1F4C2CE60002B5B9;
			remoteInfo = Figure;
		};
/* End PBXContainerItemProxy section */

/* Begin PBXFileReference section */
		7705822C1F4C2CE60002B5B9 /* Figure.app */ = {isa = PBXFileReference; explicitFileType = wrapper.application; includeInIndex = 0; path = Figure.app; sourceTree = BUILT_PRODUCTS_DIR; };
		7705822F1F4C2CE60002B5B9 /* AppDelegate.swift */ = {isa = PBXFileReference; lastKnownFileType = sourcecode.swift; path = AppDelegate.swift; sourceTree = "<group>"; };
		770582311F4C2CE60002B5B9 /* ViewController.swift */ = {isa = PBXFileReference; lastKnownFileType = sourcecode.swift; path = ViewController.swift; sourceTree = "<group>"; };
		770582341F4C2CE60002B5B9 /* Base */ = {isa = PBXFileReference; lastKnownFileType = file.storyboard; name = Base; path = Base.lproj/Main.storyboard; sourceTree = "<group>"; };
		770582361F4C2CE60002B5B9 /* Assets.xcassets */ = {isa = PBXFileReference; lastKnownFileType = folder.assetcatalog; path = Assets.xcassets; sourceTree = "<group>"; };
		770582391F4C2CE60002B5B9 /* Base */ = {isa = PBXFileReference; lastKnownFileType = file.storyboard; name = Base; path = Base.lproj/LaunchScreen.storyboard; sourceTree = "<group>"; };
		7705823B1F4C2CE60002B5B9 /* Info.plist */ = {isa = PBXFileReference; lastKnownFileType = text.plist.xml; path = Info.plist; sourceTree = "<group>"; };
		770582401F4C2CE60002B5B9 /* FigureTests.xctest */ = {isa = PBXFileReference; explicitFileType = wrapper.cfbundle; includeInIndex = 0; path = FigureTests.xctest; sourceTree = BUILT_PRODUCTS_DIR; };
		770582441F4C2CE60002B5B9 /* FigureTests.swift */ = {isa = PBXFileReference; lastKnownFileType = sourcecode.swift; path = FigureTests.swift; sourceTree = "<group>"; };
		770582461F4C2CE60002B5B9 /* Info.plist */ = {isa = PBXFileReference; lastKnownFileType = text.plist.xml; path = Info.plist; sourceTree = "<group>"; };
		7705824B1F4C2CE60002B5B9 /* FigureUITests.xctest */ = {isa = PBXFileReference; explicitFileType = wrapper.cfbundle; includeInIndex = 0; path = FigureUITests.xctest; sourceTree = BUILT_PRODUCTS_DIR; };
		7705824F1F4C2CE60002B5B9 /* FigureUITests.swift */ = {isa = PBXFileReference; lastKnownFileType = sourcecode.swift; path = FigureUITests.swift; sourceTree = "<group>"; };
		770582511F4C2CE60002B5B9 /* Info.plist */ = {isa = PBXFileReference; lastKnownFileType = text.plist.xml; path = Info.plist; sourceTree = "<group>"; };
		7705825F1F4C388B0002B5B9 /* ViewCreator.swift */ = {isa = PBXFileReference; fileEncoding = 4; lastKnownFileType = sourcecode.swift; path = ViewCreator.swift; sourceTree = "<group>"; };
		770582621F4C4D080002B5B9 /* Icon-App-20x20@2x.png */ = {isa = PBXFileReference; lastKnownFileType = image.png; path = "Icon-App-20x20@2x.png"; sourceTree = "<group>"; };
		770582631F4C4D080002B5B9 /* Icon-App-20x20@3x.png */ = {isa = PBXFileReference; lastKnownFileType = image.png; path = "Icon-App-20x20@3x.png"; sourceTree = "<group>"; };
		770582641F4C4D080002B5B9 /* Icon-App-29x29@2x.png */ = {isa = PBXFileReference; lastKnownFileType = image.png; path = "Icon-App-29x29@2x.png"; sourceTree = "<group>"; };
		770582651F4C4D080002B5B9 /* Icon-App-29x29@3x.png */ = {isa = PBXFileReference; lastKnownFileType = image.png; path = "Icon-App-29x29@3x.png"; sourceTree = "<group>"; };
		770582661F4C4D080002B5B9 /* Icon-App-40x40@2x.png */ = {isa = PBXFileReference; lastKnownFileType = image.png; path = "Icon-App-40x40@2x.png"; sourceTree = "<group>"; };
		770582671F4C4D080002B5B9 /* Icon-App-40x40@3x.png */ = {isa = PBXFileReference; lastKnownFileType = image.png; path = "Icon-App-40x40@3x.png"; sourceTree = "<group>"; };
		770582681F4C4D080002B5B9 /* Icon-App-60x60@2x.png */ = {isa = PBXFileReference; lastKnownFileType = image.png; path = "Icon-App-60x60@2x.png"; sourceTree = "<group>"; };
		770582691F4C4D080002B5B9 /* Icon-App-60x60@3x.png */ = {isa = PBXFileReference; lastKnownFileType = image.png; path = "Icon-App-60x60@3x.png"; sourceTree = "<group>"; };
/* End PBXFileReference section */

/* Begin PBXFrameworksBuildPhase section */
		770582291F4C2CE60002B5B9 /* Frameworks */ = {
			isa = PBXFrameworksBuildPhase;
			buildActionMask = 2147483647;
			files = (
			);
			runOnlyForDeploymentPostprocessing = 0;
		};
		7705823D1F4C2CE60002B5B9 /* Frameworks */ = {
			isa = PBXFrameworksBuildPhase;
			buildActionMask = 2147483647;
			files = (
			);
			runOnlyForDeploymentPostprocessing = 0;
		};
		770582481F4C2CE60002B5B9 /* Frameworks */ = {
			isa = PBXFrameworksBuildPhase;
			buildActionMask = 2147483647;
			files = (
			);
			runOnlyForDeploymentPostprocessing = 0;
		};
/* End PBXFrameworksBuildPhase section */

/* Begin PBXGroup section */
		770582231F4C2CE60002B5B9 = {
			isa = PBXGroup;
			children = (
				7705822E1F4C2CE60002B5B9 /* Figure */,
				770582431F4C2CE60002B5B9 /* FigureTests */,
				7705824E1F4C2CE60002B5B9 /* FigureUITests */,
				7705822D1F4C2CE60002B5B9 /* Products */,
			);
			sourceTree = "<group>";
		};
		7705822D1F4C2CE60002B5B9 /* Products */ = {
			isa = PBXGroup;
			children = (
				7705822C1F4C2CE60002B5B9 /* Figure.app */,
				770582401F4C2CE60002B5B9 /* FigureTests.xctest */,
				7705824B1F4C2CE60002B5B9 /* FigureUITests.xctest */,
			);
			name = Products;
			sourceTree = "<group>";
		};
		7705822E1F4C2CE60002B5B9 /* Figure */ = {
			isa = PBXGroup;
			children = (
				770582611F4C4D080002B5B9 /* iconset */,
				7705822F1F4C2CE60002B5B9 /* AppDelegate.swift */,
				770582311F4C2CE60002B5B9 /* ViewController.swift */,
				7705825F1F4C388B0002B5B9 /* ViewCreator.swift */,
				770582331F4C2CE60002B5B9 /* Main.storyboard */,
				770582361F4C2CE60002B5B9 /* Assets.xcassets */,
				770582381F4C2CE60002B5B9 /* LaunchScreen.storyboard */,
				7705823B1F4C2CE60002B5B9 /* Info.plist */,
			);
			path = Figure;
			sourceTree = "<group>";
		};
		770582431F4C2CE60002B5B9 /* FigureTests */ = {
			isa = PBXGroup;
			children = (
				770582441F4C2CE60002B5B9 /* FigureTests.swift */,
				770582461F4C2CE60002B5B9 /* Info.plist */,
			);
			path = FigureTests;
			sourceTree = "<group>";
		};
		7705824E1F4C2CE60002B5B9 /* FigureUITests */ = {
			isa = PBXGroup;
			children = (
				7705824F1F4C2CE60002B5B9 /* FigureUITests.swift */,
				770582511F4C2CE60002B5B9 /* Info.plist */,
			);
			path = FigureUITests;
			sourceTree = "<group>";
		};
		770582611F4C4D080002B5B9 /* iconset */ = {
			isa = PBXGroup;
			children = (
				770582621F4C4D080002B5B9 /* Icon-App-20x20@2x.png */,
				770582631F4C4D080002B5B9 /* Icon-App-20x20@3x.png */,
				770582641F4C4D080002B5B9 /* Icon-App-29x29@2x.png */,
				770582651F4C4D080002B5B9 /* Icon-App-29x29@3x.png */,
				770582661F4C4D080002B5B9 /* Icon-App-40x40@2x.png */,
				770582671F4C4D080002B5B9 /* Icon-App-40x40@3x.png */,
				770582681F4C4D080002B5B9 /* Icon-App-60x60@2x.png */,
				770582691F4C4D080002B5B9 /* Icon-App-60x60@3x.png */,
			);
			path = iconset;
			sourceTree = "<group>";
		};
/* End PBXGroup section */

/* Begin PBXNativeTarget section */
		7705822B1F4C2CE60002B5B9 /* Figure */ = {
			isa = PBXNativeTarget;
			buildConfigurationList = 770582541F4C2CE60002B5B9 /* Build configuration list for PBXNativeTarget "Figure" */;
			buildPhases = (
				770582281F4C2CE60002B5B9 /* Sources */,
				770582291F4C2CE60002B5B9 /* Frameworks */,
				7705822A1F4C2CE60002B5B9 /* Resources */,
			);
			buildRules = (
			);
			dependencies = (
			);
			name = Figure;
			productName = Figure;
			productReference = 7705822C1F4C2CE60002B5B9 /* Figure.app */;
			productType = "com.apple.product-type.application";
		};
		7705823F1F4C2CE60002B5B9 /* FigureTests */ = {
			isa = PBXNativeTarget;
			buildConfigurationList = 770582571F4C2CE60002B5B9 /* Build configuration list for PBXNativeTarget "FigureTests" */;
			buildPhases = (
				7705823C1F4C2CE60002B5B9 /* Sources */,
				7705823D1F4C2CE60002B5B9 /* Frameworks */,
				7705823E1F4C2CE60002B5B9 /* Resources */,
			);
			buildRules = (
			);
			dependencies = (
				770582421F4C2CE60002B5B9 /* PBXTargetDependency */,
			);
			name = FigureTests;
			productName = FigureTests;
			productReference = 770582401F4C2CE60002B5B9 /* FigureTests.xctest */;
			productType = "com.apple.product-type.bundle.unit-test";
		};
		7705824A1F4C2CE60002B5B9 /* FigureUITests */ = {
			isa = PBXNativeTarget;
			buildConfigurationList = 7705825A1F4C2CE60002B5B9 /* Build configuration list for PBXNativeTarget "FigureUITests" */;
			buildPhases = (
				770582471F4C2CE60002B5B9 /* Sources */,
				770582481F4C2CE60002B5B9 /* Frameworks */,
				770582491F4C2CE60002B5B9 /* Resources */,
			);
			buildRules = (
			);
			dependencies = (
				7705824D1F4C2CE60002B5B9 /* PBXTargetDependency */,
			);
			name = FigureUITests;
			productName = FigureUITests;
			productReference = 7705824B1F4C2CE60002B5B9 /* FigureUITests.xctest */;
			productType = "com.apple.product-type.bundle.ui-testing";
		};
/* End PBXNativeTarget section */

/* Begin PBXProject section */
		770582241F4C2CE60002B5B9 /* Project object */ = {
			isa = PBXProject;
			attributes = {
				LastSwiftUpdateCheck = 0830;
				LastUpgradeCheck = 0830;
				ORGANIZATIONNAME = CATK;
				TargetAttributes = {
					7705822B1F4C2CE60002B5B9 = {
						CreatedOnToolsVersion = 8.3.3;
						ProvisioningStyle = Automatic;
					};
					7705823F1F4C2CE60002B5B9 = {
						CreatedOnToolsVersion = 8.3.3;
						ProvisioningStyle = Automatic;
						TestTargetID = 7705822B1F4C2CE60002B5B9;
					};
					7705824A1F4C2CE60002B5B9 = {
						CreatedOnToolsVersion = 8.3.3;
						ProvisioningStyle = Automatic;
						TestTargetID = 7705822B1F4C2CE60002B5B9;
					};
				};
			};
			buildConfigurationList = 770582271F4C2CE60002B5B9 /* Build configuration list for PBXProject "Figure" */;
			compatibilityVersion = "Xcode 3.2";
			developmentRegion = English;
			hasScannedForEncodings = 0;
			knownRegions = (
				en,
				Base,
			);
			mainGroup = 770582231F4C2CE60002B5B9;
			productRefGroup = 7705822D1F4C2CE60002B5B9 /* Products */;
			projectDirPath = "";
			projectRoot = "";
			targets = (
				7705822B1F4C2CE60002B5B9 /* Figure */,
				7705823F1F4C2CE60002B5B9 /* FigureTests */,
				7705824A1F4C2CE60002B5B9 /* FigureUITests */,
			);
		};
/* End PBXProject section */

/* Begin PBXResourcesBuildPhase section */
		7705822A1F4C2CE60002B5B9 /* Resources */ = {
			isa = PBXResourcesBuildPhase;
			buildActionMask = 2147483647;
			files = (
				7705823A1F4C2CE60002B5B9 /* LaunchScreen.storyboard in Resources */,
				770582371F4C2CE60002B5B9 /* Assets.xcassets in Resources */,
				7705826D1F4C4D080002B5B9 /* Icon-App-29x29@3x.png in Resources */,
				7705826C1F4C4D080002B5B9 /* Icon-App-29x29@2x.png in Resources */,
				7705826A1F4C4D080002B5B9 /* Icon-App-20x20@2x.png in Resources */,
				770582711F4C4D080002B5B9 /* Icon-App-60x60@3x.png in Resources */,
				7705826B1F4C4D080002B5B9 /* Icon-App-20x20@3x.png in Resources */,
				770582701F4C4D080002B5B9 /* Icon-App-60x60@2x.png in Resources */,
				7705826F1F4C4D080002B5B9 /* Icon-App-40x40@3x.png in Resources */,
				7705826E1F4C4D080002B5B9 /* Icon-App-40x40@2x.png in Resources */,
				770582351F4C2CE60002B5B9 /* Main.storyboard in Resources */,
			);
			runOnlyForDeploymentPostprocessing = 0;
		};
		7705823E1F4C2CE60002B5B9 /* Resources */ = {
			isa = PBXResourcesBuildPhase;
			buildActionMask = 2147483647;
			files = (
			);
			runOnlyForDeploymentPostprocessing = 0;
		};
		770582491F4C2CE60002B5B9 /* Resources */ = {
			isa = PBXResourcesBuildPhase;
			buildActionMask = 2147483647;
			files = (
			);
			runOnlyForDeploymentPostprocessing = 0;
		};
/* End PBXResourcesBuildPhase section */

/* Begin PBXSourcesBuildPhase section */
		770582281F4C2CE60002B5B9 /* Sources */ = {
			isa = PBXSourcesBuildPhase;
			buildActionMask = 2147483647;
			files = (
				770582321F4C2CE60002B5B9 /* ViewController.swift in Sources */,
				770582601F4C388B0002B5B9 /* ViewCreator.swift in Sources */,
				770582301F4C2CE60002B5B9 /* AppDelegate.swift in Sources */,
			);
			runOnlyForDeploymentPostprocessing = 0;
		};
		7705823C1F4C2CE60002B5B9 /* Sources */ = {
			isa = PBXSourcesBuildPhase;
			buildActionMask = 2147483647;
			files = (
				770582451F4C2CE60002B5B9 /* FigureTests.swift in Sources */,
			);
			runOnlyForDeploymentPostprocessing = 0;
		};
		770582471F4C2CE60002B5B9 /* Sources */ = {
			isa = PBXSourcesBuildPhase;
			buildActionMask = 2147483647;
			files = (
				770582501F4C2CE60002B5B9 /* FigureUITests.swift in Sources */,
			);
			runOnlyForDeploymentPostprocessing = 0;
		};
/* End PBXSourcesBuildPhase section */

/* Begin PBXTargetDependency section */
		770582421F4C2CE60002B5B9 /* PBXTargetDependency */ = {
			isa = PBXTargetDependency;
			target = 7705822B1F4C2CE60002B5B9 /* Figure */;
			targetProxy = 770582411F4C2CE60002B5B9 /* PBXContainerItemProxy */;
		};
		7705824D1F4C2CE60002B5B9 /* PBXTargetDependency */ = {
			isa = PBXTargetDependency;
			target = 7705822B1F4C2CE60002B5B9 /* Figure */;
			targetProxy = 7705824C1F4C2CE60002B5B9 /* PBXContainerItemProxy */;
		};
/* End PBXTargetDependency section */

/* Begin PBXVariantGroup section */
		770582331F4C2CE60002B5B9 /* Main.storyboard */ = {
			isa = PBXVariantGroup;
			children = (
				770582341F4C2CE60002B5B9 /* Base */,
			);
			name = Main.storyboard;
			sourceTree = "<group>";
		};
		770582381F4C2CE60002B5B9 /* LaunchScreen.storyboard */ = {
			isa = PBXVariantGroup;
			children = (
				770582391F4C2CE60002B5B9 /* Base */,
			);
			name = LaunchScreen.storyboard;
			sourceTree = "<group>";
		};
/* End PBXVariantGroup section */

/* Begin XCBuildConfiguration section */
		770582521F4C2CE60002B5B9 /* Debug */ = {
			isa = XCBuildConfiguration;
			buildSettings = {
				ALWAYS_SEARCH_USER_PATHS = NO;
				CLANG_ANALYZER_NONNULL = YES;
				CLANG_ANALYZER_NUMBER_OBJECT_CONVERSION = YES_AGGRESSIVE;
				CLANG_CXX_LANGUAGE_STANDARD = "gnu++0x";
				CLANG_CXX_LIBRARY = "libc++";
				CLANG_ENABLE_MODULES = YES;
				CLANG_ENABLE_OBJC_ARC = YES;
				CLANG_WARN_BOOL_CONVERSION = YES;
				CLANG_WARN_CONSTANT_CONVERSION = YES;
				CLANG_WARN_DIRECT_OBJC_ISA_USAGE = YES_ERROR;
				CLANG_WARN_DOCUMENTATION_COMMENTS = YES;
				CLANG_WARN_EMPTY_BODY = YES;
				CLANG_WARN_ENUM_CONVERSION = YES;
				CLANG_WARN_INFINITE_RECURSION = YES;
				CLANG_WARN_INT_CONVERSION = YES;
				CLANG_WARN_OBJC_ROOT_CLASS = YES_ERROR;
				CLANG_WARN_SUSPICIOUS_MOVE = YES;
				CLANG_WARN_UNREACHABLE_CODE = YES;
				CLANG_WARN__DUPLICATE_METHOD_MATCH = YES;
				"CODE_SIGN_IDENTITY[sdk=iphoneos*]" = "iPhone Developer";
				COPY_PHASE_STRIP = NO;
				DEBUG_INFORMATION_FORMAT = dwarf;
				ENABLE_STRICT_OBJC_MSGSEND = YES;
				ENABLE_TESTABILITY = YES;
				GCC_C_LANGUAGE_STANDARD = gnu99;
				GCC_DYNAMIC_NO_PIC = NO;
				GCC_NO_COMMON_BLOCKS = YES;
				GCC_OPTIMIZATION_LEVEL = 0;
				GCC_PREPROCESSOR_DEFINITIONS = (
					"DEBUG=1",
					"$(inherited)",
				);
				GCC_WARN_64_TO_32_BIT_CONVERSION = YES;
				GCC_WARN_ABOUT_RETURN_TYPE = YES_ERROR;
				GCC_WARN_UNDECLARED_SELECTOR = YES;
				GCC_WARN_UNINITIALIZED_AUTOS = YES_AGGRESSIVE;
				GCC_WARN_UNUSED_FUNCTION = YES;
				GCC_WARN_UNUSED_VARIABLE = YES;
				IPHONEOS_DEPLOYMENT_TARGET = 10.3;
				MTL_ENABLE_DEBUG_INFO = YES;
				ONLY_ACTIVE_ARCH = YES;
				SDKROOT = iphoneos;
				SWIFT_ACTIVE_COMPILATION_CONDITIONS = DEBUG;
				SWIFT_OPTIMIZATION_LEVEL = "-Onone";
			};
			name = Debug;
		};
		770582531F4C2CE60002B5B9 /* Release */ = {
			isa = XCBuildConfiguration;
			buildSettings = {
				ALWAYS_SEARCH_USER_PATHS = NO;
				CLANG_ANALYZER_NONNULL = YES;
				CLANG_ANALYZER_NUMBER_OBJECT_CONVERSION = YES_AGGRESSIVE;
				CLANG_CXX_LANGUAGE_STANDARD = "gnu++0x";
				CLANG_CXX_LIBRARY = "libc++";
				CLANG_ENABLE_MODULES = YES;
				CLANG_ENABLE_OBJC_ARC = YES;
				CLANG_WARN_BOOL_CONVERSION = YES;
				CLANG_WARN_CONSTANT_CONVERSION = YES;
				CLANG_WARN_DIRECT_OBJC_ISA_USAGE = YES_ERROR;
				CLANG_WARN_DOCUMENTATION_COMMENTS = YES;
				CLANG_WARN_EMPTY_BODY = YES;
				CLANG_WARN_ENUM_CONVERSION = YES;
				CLANG_WARN_INFINITE_RECURSION = YES;
				CLANG_WARN_INT_CONVERSION = YES;
				CLANG_WARN_OBJC_ROOT_CLASS = YES_ERROR;
				CLANG_WARN_SUSPICIOUS_MOVE = YES;
				CLANG_WARN_UNREACHABLE_CODE = YES;
				CLANG_WARN__DUPLICATE_METHOD_MATCH = YES;
				"CODE_SIGN_IDENTITY[sdk=iphoneos*]" = "iPhone Developer";
				COPY_PHASE_STRIP = NO;
				DEBUG_INFORMATION_FORMAT = "dwarf-with-dsym";
				ENABLE_NS_ASSERTIONS = NO;
				ENABLE_STRICT_OBJC_MSGSEND = YES;
				GCC_C_LANGUAGE_STANDARD = gnu99;
				GCC_NO_COMMON_BLOCKS = YES;
				GCC_WARN_64_TO_32_BIT_CONVERSION = YES;
				GCC_WARN_ABOUT_RETURN_TYPE = YES_ERROR;
				GCC_WARN_UNDECLARED_SELECTOR = YES;
				GCC_WARN_UNINITIALIZED_AUTOS = YES_AGGRESSIVE;
				GCC_WARN_UNUSED_FUNCTION = YES;
				GCC_WARN_UNUSED_VARIABLE = YES;
				IPHONEOS_DEPLOYMENT_TARGET = 10.3;
				MTL_ENABLE_DEBUG_INFO = NO;
				SDKROOT = iphoneos;
				SWIFT_OPTIMIZATION_LEVEL = "-Owholemodule";
				VALIDATE_PRODUCT = YES;
			};
			name = Release;
		};
		770582551F4C2CE60002B5B9 /* Debug */ = {
			isa = XCBuildConfiguration;
			buildSettings = {
				ASSETCATALOG_COMPILER_APPICON_NAME = AppIcon;
				INFOPLIST_FILE = Figure/Info.plist;
				LD_RUNPATH_SEARCH_PATHS = "$(inherited) @executable_path/Frameworks";
				PRODUCT_BUNDLE_IDENTIFIER = com.swift.practice.Figure;
				PRODUCT_NAME = "$(TARGET_NAME)";
				SWIFT_VERSION = 3.0;
			};
			name = Debug;
		};
		770582561F4C2CE60002B5B9 /* Release */ = {
			isa = XCBuildConfiguration;
			buildSettings = {
				ASSETCATALOG_COMPILER_APPICON_NAME = AppIcon;
				INFOPLIST_FILE = Figure/Info.plist;
				LD_RUNPATH_SEARCH_PATHS = "$(inherited) @executable_path/Frameworks";
				PRODUCT_BUNDLE_IDENTIFIER = com.swift.practice.Figure;
				PRODUCT_NAME = "$(TARGET_NAME)";
				SWIFT_VERSION = 3.0;
			};
			name = Release;
		};
		770582581F4C2CE60002B5B9 /* Debug */ = {
			isa = XCBuildConfiguration;
			buildSettings = {
				ALWAYS_EMBED_SWIFT_STANDARD_LIBRARIES = YES;
				BUNDLE_LOADER = "$(TEST_HOST)";
				INFOPLIST_FILE = FigureTests/Info.plist;
				LD_RUNPATH_SEARCH_PATHS = "$(inherited) @executable_path/Frameworks @loader_path/Frameworks";
				PRODUCT_BUNDLE_IDENTIFIER = com.swift.practice.FigureTests;
				PRODUCT_NAME = "$(TARGET_NAME)";
				SWIFT_VERSION = 3.0;
				TEST_HOST = "$(BUILT_PRODUCTS_DIR)/Figure.app/Figure";
			};
			name = Debug;
		};
		770582591F4C2CE60002B5B9 /* Release */ = {
			isa = XCBuildConfiguration;
			buildSettings = {
				ALWAYS_EMBED_SWIFT_STANDARD_LIBRARIES = YES;
				BUNDLE_LOADER = "$(TEST_HOST)";
				INFOPLIST_FILE = FigureTests/Info.plist;
				LD_RUNPATH_SEARCH_PATHS = "$(inherited) @executable_path/Frameworks @loader_path/Frameworks";
				PRODUCT_BUNDLE_IDENTIFIER = com.swift.practice.FigureTests;
				PRODUCT_NAME = "$(TARGET_NAME)";
				SWIFT_VERSION = 3.0;
				TEST_HOST = "$(BUILT_PRODUCTS_DIR)/Figure.app/Figure";
			};
			name = Release;
		};
		7705825B1F4C2CE60002B5B9 /* Debug */ = {
			isa = XCBuildConfiguration;
			buildSettings = {
				ALWAYS_EMBED_SWIFT_STANDARD_LIBRARIES = YES;
				INFOPLIST_FILE = FigureUITests/Info.plist;
				LD_RUNPATH_SEARCH_PATHS = "$(inherited) @executable_path/Frameworks @loader_path/Frameworks";
				PRODUCT_BUNDLE_IDENTIFIER = com.swift.practice.FigureUITests;
				PRODUCT_NAME = "$(TARGET_NAME)";
				SWIFT_VERSION = 3.0;
				TEST_TARGET_NAME = Figure;
			};
			name = Debug;
		};
		7705825C1F4C2CE60002B5B9 /* Release */ = {
			isa = XCBuildConfiguration;
			buildSettings = {
				ALWAYS_EMBED_SWIFT_STANDARD_LIBRARIES = YES;
				INFOPLIST_FILE = FigureUITests/Info.plist;
				LD_RUNPATH_SEARCH_PATHS = "$(inherited) @executable_path/Frameworks @loader_path/Frameworks";
				PRODUCT_BUNDLE_IDENTIFIER = com.swift.practice.FigureUITests;
				PRODUCT_NAME = "$(TARGET_NAME)";
				SWIFT_VERSION = 3.0;
				TEST_TARGET_NAME = Figure;
			};
			name = Release;
		};
/* End XCBuildConfiguration section */

/* Begin XCConfigurationList section */
		770582271F4C2CE60002B5B9 /* Build configuration list for PBXProject "Figure" */ = {
			isa = XCConfigurationList;
			buildConfigurations = (
				770582521F4C2CE60002B5B9 /* Debug */,
				770582531F4C2CE60002B5B9 /* Release */,
			);
			defaultConfigurationIsVisible = 0;
			defaultConfigurationName = Release;
		};
		770582541F4C2CE60002B5B9 /* Build configuration list for PBXNativeTarget "Figure" */ = {
			isa = XCConfigurationList;
			buildConfigurations = (
				770582551F4C2CE60002B5B9 /* Debug */,
				770582561F4C2CE60002B5B9 /* Release */,
			);
			defaultConfigurationIsVisible = 0;
			defaultConfigurationName = Release;
		};
		770582571F4C2CE60002B5B9 /* Build configuration list for PBXNativeTarget "FigureTests" */ = {
			isa = XCConfigurationList;
			buildConfigurations = (
				770582581F4C2CE60002B5B9 /* Debug */,
				770582591F4C2CE60002B5B9 /* Release */,
			);
			defaultConfigurationIsVisible = 0;
			defaultConfigurationName = Release;
		};
		7705825A1F4C2CE60002B5B9 /* Build configuration list for PBXNativeTarget "FigureUITests" */ = {
			isa = XCConfigurationList;
			buildConfigurations = (
				7705825B1F4C2CE60002B5B9 /* Debug */,
				7705825C1F4C2CE60002B5B9 /* Release */,
			);
			defaultConfigurationIsVisible = 0;
			defaultConfigurationName = Release;
		};
/* End XCConfigurationList section */
	};
	rootObject = 770582241F4C2CE60002B5B9 /* Project object */;
}
